
Microsoft Visual Studio Solution File, Format Version 12.00
# Visual Studio Version 16
VisualStudioVersion = 16.0.30204.135
MinimumVisualStudioVersion = 10.0.40219.1
Project("{FAE04EC0-301F-11D3-BF4B-00C04F79EFBC}") = "BackEndRestAPI", "BackEndRestAPI\BackEndRestAPI.csproj", "{46B2371D-E052-4668-A0F2-9AC2E9C6474E}"
EndProject
Global
	GlobalSection(SolutionConfigurationPlatforms) = preSolution
		Debug|Any CPU = Debug|Any CPU
		Release|Any CPU = Release|Any CPU
	EndGlobalSection
	GlobalSection(ProjectConfigurationPlatforms) = postSolution
		{46B2371D-E052-4668-A0F2-9AC2E9C6474E}.Debug|Any CPU.ActiveCfg = Debug|Any CPU
		{46B2371D-E052-4668-A0F2-9AC2E9C6474E}.Debug|Any CPU.Build.0 = Debug|Any CPU
		{46B2371D-E052-4668-A0F2-9AC2E9C6474E}.Release|Any CPU.ActiveCfg = Release|Any CPU
		{46B2371D-E052-4668-A0F2-9AC2E9C6474E}.Release|Any CPU.Build.0 = Release|Any CPU
	EndGlobalSection
	GlobalSection(SolutionProperties) = preSolution
		HideSolutionNode = FALSE
	EndGlobalSection
	GlobalSection(ExtensibilityGlobals) = postSolution
		SolutionGuid = {A2C1DB66-097D-42C5-B586-EB05931D6C7B}
	EndGlobalSection
EndGlobal
